
Microsoft Visual Studio Solution File, Format Version 12.00
# Visual Studio Version 16
VisualStudioVersion = 16.0.30320.27
MinimumVisualStudioVersion = 10.0.40219.1
Project("{FAE04EC0-301F-11D3-BF4B-00C04F79EFBC}") = "TEST", "TEST\TEST.csproj", "{545CB5C5-B83C-4540-B81E-4BBACD6DBFF5}"
EndProject
Global
	GlobalSection(SolutionConfigurationPlatforms) = preSolution
		Debug|Any CPU = Debug|Any CPU
		Release|Any CPU = Release|Any CPU
	EndGlobalSection
	GlobalSection(ProjectConfigurationPlatforms) = postSolution
		{545CB5C5-B83C-4540-B81E-4BBACD6DBFF5}.Debug|Any CPU.ActiveCfg = Debug|Any CPU
		{545CB5C5-B83C-4540-B81E-4BBACD6DBFF5}.Debug|Any CPU.Build.0 = Debug|Any CPU
		{545CB5C5-B83C-4540-B81E-4BBACD6DBFF5}.Release|Any CPU.ActiveCfg = Release|Any CPU
		{545CB5C5-B83C-4540-B81E-4BBACD6DBFF5}.Release|Any CPU.Build.0 = Release|Any CPU
	EndGlobalSection
	GlobalSection(SolutionProperties) = preSolution
		HideSolutionNode = FALSE
	EndGlobalSection
	GlobalSection(ExtensibilityGlobals) = postSolution
		SolutionGuid = {D4497BE0-C121-4252-BDD2-36DAF606B4A8}
	EndGlobalSection
EndGlobal
